<Solution>
  <Project Path="F0.Talks.Observability.Benchmarks/F0.Talks.Observability.Benchmarks.csproj" />
  <Project Path="F0.Talks.Observability.Maui.App/F0.Talks.Observability.Maui.App.csproj" />
  <Project Path="F0.Talks.Observability.Web.Api/F0.Talks.Observability.Web.Api.csproj" />
</Solution>
